
Microsoft Visual Studio Solution File, Format Version 12.00
# Visual Studio 15
VisualStudioVersion = 15.0.27703.2035
MinimumVisualStudioVersion = 10.0.40219.1
Project("{FAE04EC0-301F-11D3-BF4B-00C04F79EFBC}") = "iro4cli", "iro4cli.csproj", "{BE5104B5-CEF4-4F06-A091-059E6F44A92D}"
EndProject
Global
	GlobalSection(SolutionConfigurationPlatforms) = preSolution
		Debug|Any CPU = Debug|Any CPU
		Release|Any CPU = Release|Any CPU
	EndGlobalSection
	GlobalSection(ProjectConfigurationPlatforms) = postSolution
		{BE5104B5-CEF4-4F06-A091-059E6F44A92D}.Debug|Any CPU.ActiveCfg = Debug|Any CPU
		{BE5104B5-CEF4-4F06-A091-059E6F44A92D}.Debug|Any CPU.Build.0 = Debug|Any CPU
		{BE5104B5-CEF4-4F06-A091-059E6F44A92D}.Release|Any CPU.ActiveCfg = Release|Any CPU
		{BE5104B5-CEF4-4F06-A091-059E6F44A92D}.Release|Any CPU.Build.0 = Release|Any CPU
	EndGlobalSection
	GlobalSection(SolutionProperties) = preSolution
		HideSolutionNode = FALSE
	EndGlobalSection
	GlobalSection(ExtensibilityGlobals) = postSolution
		SolutionGuid = {12A44D77-81AA-4585-8DC4-63D6443A9977}
	EndGlobalSection
EndGlobal
